# This file is autogenerated, do not edit; changes may be undone by the next 'dep ensure'.


[[projects]]
  name = "github.com/rsc/dt2-b"
  packages = ["B"]
  revision = "b61b490cc53a330e623fe31f70ef7b6708e519b6"
  version = "v1.0.0"

[solve-meta]
  analyzer-name = "dep"
  analyzer-version = 1
  inputs-digest = "f74f13ba0de4209a5179e648053e2040def1da444d1adba3dc27c4c5de631dcd"
  solver-name = "gps-cdcl"
  solver-version = 1
